
Microsoft Visual Studio Solution File, Format Version 12.00
# Visual Studio Version 17
VisualStudioVersion = 17.13.35931.197 d17.13
MinimumVisualStudioVersion = 10.0.40219.1
Project("{FAE04EC0-301F-11D3-BF4B-00C04F79EFBC}") = "10-02", "10-02.csproj", "{DBE1A852-8510-4D7E-BCF5-05ECFCA3DFFB}"
EndProject
Global
	GlobalSection(SolutionConfigurationPlatforms) = preSolution
		Debug|Any CPU = Debug|Any CPU
		Release|Any CPU = Release|Any CPU
	EndGlobalSection
	GlobalSection(ProjectConfigurationPlatforms) = postSolution
		{DBE1A852-8510-4D7E-BCF5-05ECFCA3DFFB}.Debug|Any CPU.ActiveCfg = Debug|Any CPU
		{DBE1A852-8510-4D7E-BCF5-05ECFCA3DFFB}.Debug|Any CPU.Build.0 = Debug|Any CPU
		{DBE1A852-8510-4D7E-BCF5-05ECFCA3DFFB}.Release|Any CPU.ActiveCfg = Release|Any CPU
		{DBE1A852-8510-4D7E-BCF5-05ECFCA3DFFB}.Release|Any CPU.Build.0 = Release|Any CPU
	EndGlobalSection
	GlobalSection(SolutionProperties) = preSolution
		HideSolutionNode = FALSE
	EndGlobalSection
	GlobalSection(ExtensibilityGlobals) = postSolution
		SolutionGuid = {1038F3A0-F49A-4486-9833-EA071186AD4E}
	EndGlobalSection
EndGlobal
